
Microsoft Visual Studio Solution File, Format Version 12.00
# Visual Studio Version 17
VisualStudioVersion = 17.8.34330.188
MinimumVisualStudioVersion = 10.0.40219.1
Project("{FAE04EC0-301F-11D3-BF4B-00C04F79EFBC}") = "AccessModifier", "AccessModifier.csproj", "{B381A2FD-BD00-4BB8-8013-5EBE9D9DE85C}"
EndProject
Global
	GlobalSection(SolutionConfigurationPlatforms) = preSolution
		Debug|Any CPU = Debug|Any CPU
		Release|Any CPU = Release|Any CPU
	EndGlobalSection
	GlobalSection(ProjectConfigurationPlatforms) = postSolution
		{B381A2FD-BD00-4BB8-8013-5EBE9D9DE85C}.Debug|Any CPU.ActiveCfg = Debug|Any CPU
		{B381A2FD-BD00-4BB8-8013-5EBE9D9DE85C}.Debug|Any CPU.Build.0 = Debug|Any CPU
		{B381A2FD-BD00-4BB8-8013-5EBE9D9DE85C}.Release|Any CPU.ActiveCfg = Release|Any CPU
		{B381A2FD-BD00-4BB8-8013-5EBE9D9DE85C}.Release|Any CPU.Build.0 = Release|Any CPU
	EndGlobalSection
	GlobalSection(SolutionProperties) = preSolution
		HideSolutionNode = FALSE
	EndGlobalSection
	GlobalSection(ExtensibilityGlobals) = postSolution
		SolutionGuid = {2FB1FAAD-D549-4993-B7A2-5001E5952C85}
	EndGlobalSection
EndGlobal
